
Microsoft Visual Studio Solution File, Format Version 12.00
# Visual Studio Version 17
VisualStudioVersion = 17.5.002.0
MinimumVisualStudioVersion = 10.0.40219.1
Project("{9A19103F-16F7-4668-BE54-9A1E7A4F7556}") = "webproje", "webproje.csproj", "{28A9B7DE-8D6E-4FA6-8510-2DE94419EF51}"
EndProject
Global
	GlobalSection(SolutionConfigurationPlatforms) = preSolution
		Debug|Any CPU = Debug|Any CPU
		Release|Any CPU = Release|Any CPU
	EndGlobalSection
	GlobalSection(ProjectConfigurationPlatforms) = postSolution
		{28A9B7DE-8D6E-4FA6-8510-2DE94419EF51}.Debug|Any CPU.ActiveCfg = Debug|Any CPU
		{28A9B7DE-8D6E-4FA6-8510-2DE94419EF51}.Debug|Any CPU.Build.0 = Debug|Any CPU
		{28A9B7DE-8D6E-4FA6-8510-2DE94419EF51}.Release|Any CPU.ActiveCfg = Release|Any CPU
		{28A9B7DE-8D6E-4FA6-8510-2DE94419EF51}.Release|Any CPU.Build.0 = Release|Any CPU
	EndGlobalSection
	GlobalSection(SolutionProperties) = preSolution
		HideSolutionNode = FALSE
	EndGlobalSection
	GlobalSection(ExtensibilityGlobals) = postSolution
		SolutionGuid = {3176806E-2FD5-41DE-B51F-0B378F7E3CEF}
	EndGlobalSection
EndGlobal
